# THIS IS AN AUTOGENERATED FILE. DO NOT EDIT THIS FILE DIRECTLY.
# yarn lockfile v1


flag-icons@^7.2.1:
  version "7.2.1"
  resolved "https://registry.yarnpkg.com/flag-icons/-/flag-icons-7.2.1.tgz#b60cbc4b19348874f58545816f30fd7ee837e8ba"
  integrity sha512-EaU4XZmFt1BOilz9nMmJKjma5pOaNjzL7somOhadrrilollh4xj6aaXI2M1sd00VUfVWN0E25Q6xaW3SNt0k/Q==
